
Microsoft Visual Studio Solution File, Format Version 12.00
# Visual Studio Version 17
VisualStudioVersion = 17.5.002.0
MinimumVisualStudioVersion = 10.0.40219.1
Project("{9A19103F-16F7-4668-BE54-9A1E7A4F7556}") = "Tests", "Tests\Tests.csproj", "{A706DD89-A70E-47E0-AE86-73F49597F08E}"
EndProject
Global
	GlobalSection(SolutionConfigurationPlatforms) = preSolution
		Debug|Any CPU = Debug|Any CPU
		Release|Any CPU = Release|Any CPU
	EndGlobalSection
	GlobalSection(ProjectConfigurationPlatforms) = postSolution
		{A706DD89-A70E-47E0-AE86-73F49597F08E}.Debug|Any CPU.ActiveCfg = Debug|Any CPU
		{A706DD89-A70E-47E0-AE86-73F49597F08E}.Debug|Any CPU.Build.0 = Debug|Any CPU
		{A706DD89-A70E-47E0-AE86-73F49597F08E}.Release|Any CPU.ActiveCfg = Release|Any CPU
		{A706DD89-A70E-47E0-AE86-73F49597F08E}.Release|Any CPU.Build.0 = Release|Any CPU
	EndGlobalSection
	GlobalSection(SolutionProperties) = preSolution
		HideSolutionNode = FALSE
	EndGlobalSection
	GlobalSection(ExtensibilityGlobals) = postSolution
		SolutionGuid = {1CE20B04-DE95-4B32-8541-1E84C29AF478}
	EndGlobalSection
EndGlobal
